
Microsoft Visual Studio Solution File, Format Version 12.00
# Visual Studio Version 17
VisualStudioVersion = 17.4.33213.308
MinimumVisualStudioVersion = 10.0.40219.1
Project("{9A19103F-16F7-4668-BE54-9A1E7A4F7556}") = "23.12.20_Class_Struct", "23.12.20_Class_Struct\23.12.20_Class_Struct.csproj", "{DDE40E57-2A6C-48A3-B812-612AFF6F5623}"
EndProject
Project("{FAE04EC0-301F-11D3-BF4B-00C04F79EFBC}") = "23.12.20_Task2", "23.12.20_Task2\23.12.20_Task2.csproj", "{E1DAE732-7310-44D0-A4E1-FB47297FFB73}"
EndProject
Global
	GlobalSection(SolutionConfigurationPlatforms) = preSolution
		Debug|Any CPU = Debug|Any CPU
		Release|Any CPU = Release|Any CPU
	EndGlobalSection
	GlobalSection(ProjectConfigurationPlatforms) = postSolution
		{DDE40E57-2A6C-48A3-B812-612AFF6F5623}.Debug|Any CPU.ActiveCfg = Debug|Any CPU
		{DDE40E57-2A6C-48A3-B812-612AFF6F5623}.Debug|Any CPU.Build.0 = Debug|Any CPU
		{DDE40E57-2A6C-48A3-B812-612AFF6F5623}.Release|Any CPU.ActiveCfg = Release|Any CPU
		{DDE40E57-2A6C-48A3-B812-612AFF6F5623}.Release|Any CPU.Build.0 = Release|Any CPU
		{E1DAE732-7310-44D0-A4E1-FB47297FFB73}.Debug|Any CPU.ActiveCfg = Debug|Any CPU
		{E1DAE732-7310-44D0-A4E1-FB47297FFB73}.Debug|Any CPU.Build.0 = Debug|Any CPU
		{E1DAE732-7310-44D0-A4E1-FB47297FFB73}.Release|Any CPU.ActiveCfg = Release|Any CPU
		{E1DAE732-7310-44D0-A4E1-FB47297FFB73}.Release|Any CPU.Build.0 = Release|Any CPU
	EndGlobalSection
	GlobalSection(SolutionProperties) = preSolution
		HideSolutionNode = FALSE
	EndGlobalSection
	GlobalSection(ExtensibilityGlobals) = postSolution
		SolutionGuid = {D97B2E30-B2C3-4367-BDAA-32E2679F8FD6}
	EndGlobalSection
EndGlobal
